
Microsoft Visual Studio Solution File, Format Version 12.00
# Visual Studio Version 17
VisualStudioVersion = 17.8.34330.188
MinimumVisualStudioVersion = 10.0.40219.1
Project("{FAE04EC0-301F-11D3-BF4B-00C04F79EFBC}") = "WikYApp", "WikYApp\WikYApp.csproj", "{D1F34F84-2E3C-48E3-B981-3B6CAC984576}"
EndProject
Project("{FAE04EC0-301F-11D3-BF4B-00C04F79EFBC}") = "Repositories", "Repositories\Repositories.csproj", "{47AF5B13-A853-41AC-AADB-91BD9274DE75}"
EndProject
Project("{FAE04EC0-301F-11D3-BF4B-00C04F79EFBC}") = "Repositories.Contracts", "Repositories.Contracts\Repositories.Contracts.csproj", "{D1A4F48D-C3AB-4C21-A966-FA63DEA2C3A4}"
EndProject
Project("{FAE04EC0-301F-11D3-BF4B-00C04F79EFBC}") = "Business", "Business\Business.csproj", "{BFDA65A7-9900-4413-9A57-74B6C1196CAA}"
EndProject
Project("{FAE04EC0-301F-11D3-BF4B-00C04F79EFBC}") = "Business.Contracts", "Business.Contracts\Business.Contracts.csproj", "{E71B0596-1DE6-4E50-9022-7C07C41EB1B4}"
EndProject
Project("{FAE04EC0-301F-11D3-BF4B-00C04F79EFBC}") = "Entities", "Entities\Entities.csproj", "{D3462C02-0D4F-4FE5-83BE-241FC6C1A680}"
EndProject
Global
	GlobalSection(SolutionConfigurationPlatforms) = preSolution
		Debug|Any CPU = Debug|Any CPU
		Release|Any CPU = Release|Any CPU
	EndGlobalSection
	GlobalSection(ProjectConfigurationPlatforms) = postSolution
		{D1F34F84-2E3C-48E3-B981-3B6CAC984576}.Debug|Any CPU.ActiveCfg = Debug|Any CPU
		{D1F34F84-2E3C-48E3-B981-3B6CAC984576}.Debug|Any CPU.Build.0 = Debug|Any CPU
		{D1F34F84-2E3C-48E3-B981-3B6CAC984576}.Release|Any CPU.ActiveCfg = Release|Any CPU
		{D1F34F84-2E3C-48E3-B981-3B6CAC984576}.Release|Any CPU.Build.0 = Release|Any CPU
		{47AF5B13-A853-41AC-AADB-91BD9274DE75}.Debug|Any CPU.ActiveCfg = Debug|Any CPU
		{47AF5B13-A853-41AC-AADB-91BD9274DE75}.Debug|Any CPU.Build.0 = Debug|Any CPU
		{47AF5B13-A853-41AC-AADB-91BD9274DE75}.Release|Any CPU.ActiveCfg = Release|Any CPU
		{47AF5B13-A853-41AC-AADB-91BD9274DE75}.Release|Any CPU.Build.0 = Release|Any CPU
		{D1A4F48D-C3AB-4C21-A966-FA63DEA2C3A4}.Debug|Any CPU.ActiveCfg = Debug|Any CPU
		{D1A4F48D-C3AB-4C21-A966-FA63DEA2C3A4}.Debug|Any CPU.Build.0 = Debug|Any CPU
		{D1A4F48D-C3AB-4C21-A966-FA63DEA2C3A4}.Release|Any CPU.ActiveCfg = Release|Any CPU
		{D1A4F48D-C3AB-4C21-A966-FA63DEA2C3A4}.Release|Any CPU.Build.0 = Release|Any CPU
		{BFDA65A7-9900-4413-9A57-74B6C1196CAA}.Debug|Any CPU.ActiveCfg = Debug|Any CPU
		{BFDA65A7-9900-4413-9A57-74B6C1196CAA}.Debug|Any CPU.Build.0 = Debug|Any CPU
		{BFDA65A7-9900-4413-9A57-74B6C1196CAA}.Release|Any CPU.ActiveCfg = Release|Any CPU
		{BFDA65A7-9900-4413-9A57-74B6C1196CAA}.Release|Any CPU.Build.0 = Release|Any CPU
		{E71B0596-1DE6-4E50-9022-7C07C41EB1B4}.Debug|Any CPU.ActiveCfg = Debug|Any CPU
		{E71B0596-1DE6-4E50-9022-7C07C41EB1B4}.Debug|Any CPU.Build.0 = Debug|Any CPU
		{E71B0596-1DE6-4E50-9022-7C07C41EB1B4}.Release|Any CPU.ActiveCfg = Release|Any CPU
		{E71B0596-1DE6-4E50-9022-7C07C41EB1B4}.Release|Any CPU.Build.0 = Release|Any CPU
		{D3462C02-0D4F-4FE5-83BE-241FC6C1A680}.Debug|Any CPU.ActiveCfg = Debug|Any CPU
		{D3462C02-0D4F-4FE5-83BE-241FC6C1A680}.Debug|Any CPU.Build.0 = Debug|Any CPU
		{D3462C02-0D4F-4FE5-83BE-241FC6C1A680}.Release|Any CPU.ActiveCfg = Release|Any CPU
		{D3462C02-0D4F-4FE5-83BE-241FC6C1A680}.Release|Any CPU.Build.0 = Release|Any CPU
	EndGlobalSection
	GlobalSection(SolutionProperties) = preSolution
		HideSolutionNode = FALSE
	EndGlobalSection
	GlobalSection(ExtensibilityGlobals) = postSolution
		SolutionGuid = {DC56572B-23B3-4F0E-9704-5F675D58D111}
	EndGlobalSection
EndGlobal
